version = 1
revision = 2
requires-python = ">=3.9"
resolution-markers = [
    "python_full_version >= '3.11'",
    "python_full_version == '3.10.*'",
    "python_full_version < '3.10'",
]

[[package]]
name = "ai-sdlc-contracts"
version = "2.4.0"
source = { editable = "." }
dependencies = [
    { name = "jsonschema", version = "4.25.1", source = { registry = "https://pypi.org/simple" }, extra = ["format"], marker = "python_full_version < '3.10'" },
    { name = "jsonschema", version = "4.26.0", source = { registry = "https://pypi.org/simple" }, extra = ["format"], marker = "python_full_version >= '3.10'" },
]

[package.metadata]
requires-dist = [{ name = "jsonschema", extras = ["format"], specifier = ">=4.18,<5" }]

[[package]]
name = "arrow"
version = "1.4.0"
source = { registry = "https://pypi.org/simple" }
dependencies = [
    { name = "python-dateutil" },
    { name = "tzdata" },
]
sdist = { url = "https://files.pythonhosted.org/packages/b9/33/032cdc44182491aa708d06a68b62434140d8c50820a087fac7af37703357/arrow-1.4.0.tar.gz", hash = "sha256:ed0cc050e98001b8779e84d461b0098c4ac597e88778f85471dc54475ed25/jsonpointer-3.0.0.tar.gz", hash = "sha256:2b2d729f2091522d61c3b31f82e11870f60b68f43fbc705cb76bf4b832af59ef", size = 9114, upload-time = "2024-06-10T19:24:42.462Z" }
wheels = [
    { url = "https://files.pythonhosted.org/packages/71/92/5e77f98553e9e75130c78900d000368476aed74276eb8ae8796f65f00918/jsonpointer-3.0.0-py2.py3-none-any.whl", hash = "sha256:13e088adc14fca8b6aa8177c044e12701e6ad4b28ff10e65f2267a90109c9942", size = 7595, upload-time = "2024-06-10T19:24:40.698Z" },
]
